// !$*UTF8*$!
{
	archiveVersion = 1;
	classes = {
	};
	objectVersion = 56;
	objects = {

/* Begin PBXBuildFile section */
		A34A7A252C4F84FF007F6D16 /* noterAIApp.swift in Sources */ = {isa = PBXBuildFile; fileRef = A34A7A242C4F84FF007F6D16 /* noterAIApp.swift */; };
		A34A7A292C4F8503007F6D16 /* Assets.xcassets in Resources */ = {isa = PBXBuildFile; fileRef = A34A7A282C4F8503007F6D16 /* Assets.xcassets */; };
		A34A7A2C2C4F8503007F6D16 /* Preview Assets.xcassets in Resources */ = {isa = PBXBuildFile; fileRef = A34A7A2B2C4F8503007F6D16 /* Preview Assets.xcassets */; };
		A3BF2BFF2C5954DD00D1C7AD /* SignUpPage.swift in Sources */ = {isa = PBXBuildFile; fileRef = A3BF2BFE2C5954DD00D1C7AD /* SignUpPage.swift */; };
		A3BF2C022C59567600D1C7AD /* LoginPage.swift in Sources */ = {isa = PBXBuildFile; fileRef = A3BF2C012C59567600D1C7AD /* LoginPage.swift */; };
		A3BF2C042C59637F00D1C7AD /* MenuBar.swift in Sources */ = {isa = PBXBuildFile; fileRef = A3BF2C032C59637F00D1C7AD /* MenuBar.swift */; };
		A3BF2C062C59651700D1C7AD /* Content-ViewModel.swift in Sources */ = {isa = PBXBuildFile; fileRef = A3BF2C052C59651700D1C7AD /* Content-ViewModel.swift */; };
/* End PBXBuildFile section */

/* Begin PBXFileReference section */
		A34A7A212C4F84FF007F6D16 /* noterAI.app */ = {isa = PBXFileReference; explicitFileType = wrapper.application; includeInIndex = 0; path = noterAI.app; sourceTree = BUILT_PRODUCTS_DIR; };
		A34A7A242C4F84FF007F6D16 /* noterAIApp.swift */ = {isa = PBXFileReference; lastKnownFileType = sourcecode.swift; path = noterAIApp.swift; sourceTree = "<group>"; };
		A34A7A282C4F8503007F6D16 /* Assets.xcassets */ = {isa = PBXFileReference; lastKnownFileType = folder.assetcatalog; path = Assets.xcassets; sourceTree = "<group>"; };
		A34A7A2B2C4F8503007F6D16 /* Preview Assets.xcassets */ = {isa = PBXFileReference; lastKnownFileType = folder.assetcatalog; path = "Preview Assets.xcassets"; sourceTree = "<group>"; };
		A34A7A2D2C4F8503007F6D16 /* noterAI.entitlements */ = {isa = PBXFileReference; lastKnownFileType = text.plist.entitlements; path = noterAI.entitlements; sourceTree = "<group>"; };
		A3BF2BFE2C5954DD00D1C7AD /* SignUpPage.swift */ = {isa = PBXFileReference; lastKnownFileType = sourcecode.swift; path = SignUpPage.swift; sourceTree = "<group>"; };
		A3BF2C012C59567600D1C7AD /* LoginPage.swift */ = {isa = PBXFileReference; lastKnownFileType = sourcecode.swift; path = LoginPage.swift; sourceTree = "<group>"; };
		A3BF2C032C59637F00D1C7AD /* MenuBar.swift */ = {isa = PBXFileReference; lastKnownFileType = sourcecode.swift; path = MenuBar.swift; sourceTree = "<group>"; };
		A3BF2C052C59651700D1C7AD /* Content-ViewModel.swift */ = {isa = PBXFileReference; lastKnownFileType = sourcecode.swift; path = "Content-ViewModel.swift"; sourceTree = "<group>"; };
/* End PBXFileReference section */

/* Begin PBXFrameworksBuildPhase section */
		A34A7A1E2C4F84FF007F6D16 /* Frameworks */ = {
			isa = PBXFrameworksBuildPhase;
			buildActionMask = 2147483647;
			files = (
			);
			runOnlyForDeploymentPostprocessing = 0;
		};
/* End PBXFrameworksBuildPhase section */

/* Begin PBXGroup section */
		A34A7A182C4F84FF007F6D16 = {
			isa = PBXGroup;
			children = (
				A3BF2C052C59651700D1C7AD /* Content-ViewModel.swift */,
				A34A7A232C4F84FF007F6D16 /* noterAI */,
				A34A7A222C4F84FF007F6D16 /* Products */,
			);
			sourceTree = "<group>";
		};
		A34A7A222C4F84FF007F6D16 /* Products */ = {
			isa = PBXGroup;
			children = (
				A34A7A212C4F84FF007F6D16 /* noterAI.app */,
			);
			name = Products;
			sourceTree = "<group>";
		};
		A34A7A232C4F84FF007F6D16 /* noterAI */ = {
			isa = PBXGroup;
			children = (
				A34A7A242C4F84FF007F6D16 /* noterAIApp.swift */,
				A3BF2C032C59637F00D1C7AD /* MenuBar.swift */,
				A3BF2BFD2C5954C600D1C7AD /* screens */,
				A34A7A282C4F8503007F6D16 /* Assets.xcassets */,
				A34A7A2D2C4F8503007F6D16 /* noterAI.entitlements */,
				A34A7A2A2C4F8503007F6D16 /* Preview Content */,
			);
			path = noterAI;
			sourceTree = "<group>";
		};
		A34A7A2A2C4F8503007F6D16 /* Preview Content */ = {
			isa = PBXGroup;
			children = (
				A34A7A2B2C4F8503007F6D16 /* Preview Assets.xcassets */,
			);
			path = "Preview Content";
			sourceTree = "<group>";
		};
		A3BF2BFD2C5954C600D1C7AD /* screens */ = {
			isa = PBXGroup;
			children = (
				A3BF2BFE2C5954DD00D1C7AD /* SignUpPage.swift */,
				A3BF2C012C59567600D1C7AD /* LoginPage.swift */,
			);
			path = screens;
			sourceTree = "<group>";
		};
/* End PBXGroup section */

/* Begin PBXNativeTarget section */
		A34A7A202C4F84FF007F6D16 /* noterAI */ = {
			isa = PBXNativeTarget;
			buildConfigurationList = A34A7A302C4F8503007F6D16 /* Build configuration list for PBXNativeTarget "noterAI" */;
			buildPhases = (
				A34A7A1D2C4F84FF007F6D16 /* Sources */,
				A34A7A1E2C4F84FF007F6D16 /* Frameworks */,
				A34A7A1F2C4F84FF007F6D16 /* Resources */,
			);
			buildRules = (
			);
			dependencies = (
			);
			name = noterAI;
			productName = noterAI;
			productReference = A34A7A212C4F84FF007F6D16 /* noterAI.app */;
			productType = "com.apple.product-type.application";
		};
/* End PBXNativeTarget section */

/* Begin PBXProject section */
		A34A7A192C4F84FF007F6D16 /* Project object */ = {
			isa = PBXProject;
			attributes = {
				BuildIndependentTargetsInParallel = 1;
				LastSwiftUpdateCheck = 1520;
				LastUpgradeCheck = 1520;
				TargetAttributes = {
					A34A7A202C4F84FF007F6D16 = {
						CreatedOnToolsVersion = 15.2;
					};
				};
			};
			buildConfigurationList = A34A7A1C2C4F84FF007F6D16 /* Build configuration list for PBXProject "noterAI" */;
			compatibilityVersion = "Xcode 14.0";
			developmentRegion = en;
			hasScannedForEncodings = 0;
			knownRegions = (
				en,
				Base,
			);
			mainGroup = A34A7A182C4F84FF007F6D16;
			productRefGroup = A34A7A222C4F84FF007F6D16 /* Products */;
			projectDirPath = "";
			projectRoot = "";
			targets = (
				A34A7A202C4F84FF007F6D16 /* noterAI */,
			);
		};
/* End PBXProject section */

/* Begin PBXResourcesBuildPhase section */
		A34A7A1F2C4F84FF007F6D16 /* Resources */ = {
			isa = PBXResourcesBuildPhase;
			buildActionMask = 2147483647;
			files = (
				A34A7A2C2C4F8503007F6D16 /* Preview Assets.xcassets in Resources */,
				A34A7A292C4F8503007F6D16 /* Assets.xcassets in Resources */,
			);
			runOnlyForDeploymentPostprocessing = 0;
		};
/* End PBXResourcesBuildPhase section */

/* Begin PBXSourcesBuildPhase section */
		A34A7A1D2C4F84FF007F6D16 /* Sources */ = {
			isa = PBXSourcesBuildPhase;
			buildActionMask = 2147483647;
			files = (
				A3BF2C022C59567600D1C7AD /* LoginPage.swift in Sources */,
				A3BF2BFF2C5954DD00D1C7AD /* SignUpPage.swift in Sources */,
				A3BF2C042C59637F00D1C7AD /* MenuBar.swift in Sources */,
				A3BF2C062C59651700D1C7AD /* Content-ViewModel.swift in Sources */,
				A34A7A252C4F84FF007F6D16 /* noterAIApp.swift in Sources */,
			);
			runOnlyForDeploymentPostprocessing = 0;
		};
/* End PBXSourcesBuildPhase section */

/* Begin XCBuildConfiguration section */
		A34A7A2E2C4F8503007F6D16 /* Debug */ = {
			isa = XCBuildConfiguration;
			buildSettings = {
				ALWAYS_SEARCH_USER_PATHS = NO;
				ASSETCATALOG_COMPILER_GENERATE_SWIFT_ASSET_SYMBOL_EXTENSIONS = YES;
				CLANG_ANALYZER_NONNULL = YES;
				CLANG_ANALYZER_NUMBER_OBJECT_CONVERSION = YES_AGGRESSIVE;
				CLANG_CXX_LANGUAGE_STANDARD = "gnu++20";
				CLANG_ENABLE_MODULES = YES;
				CLANG_ENABLE_OBJC_ARC = YES;
				CLANG_ENABLE_OBJC_WEAK = YES;
				CLANG_WARN_BLOCK_CAPTURE_AUTORELEASING = YES;
				CLANG_WARN_BOOL_CONVERSION = YES;
				CLANG_WARN_COMMA = YES;
				CLANG_WARN_CONSTANT_CONVERSION = YES;
				CLANG_WARN_DEPRECATED_OBJC_IMPLEMENTATIONS = YES;
				CLANG_WARN_DIRECT_OBJC_ISA_USAGE = YES_ERROR;
				CLANG_WARN_DOCUMENTATION_COMMENTS = YES;
				CLANG_WARN_EMPTY_BODY = YES;
				CLANG_WARN_ENUM_CONVERSION = YES;
				CLANG_WARN_INFINITE_RECURSION = YES;
				CLANG_WARN_INT_CONVERSION = YES;
				CLANG_WARN_NON_LITERAL_NULL_CONVERSION = YES;
				CLANG_WARN_OBJC_IMPLICIT_RETAIN_SELF = YES;
				CLANG_WARN_OBJC_LITERAL_CONVERSION = YES;
				CLANG_WARN_OBJC_ROOT_CLASS = YES_ERROR;
				CLANG_WARN_QUOTED_INCLUDE_IN_FRAMEWORK_HEADER = YES;
				CLANG_WARN_RANGE_LOOP_ANALYSIS = YES;
				CLANG_WARN_STRICT_PROTOTYPES = YES;
				CLANG_WARN_SUSPICIOUS_MOVE = YES;
				CLANG_WARN_UNGUARDED_AVAILABILITY = YES_AGGRESSIVE;
				CLANG_WARN_UNREACHABLE_CODE = YES;
				CLANG_WARN__DUPLICATE_METHOD_MATCH = YES;
				COPY_PHASE_STRIP = NO;
				DEBUG_INFORMATION_FORMAT = dwarf;
				ENABLE_STRICT_OBJC_MSGSEND = YES;
				ENABLE_TESTABILITY = YES;
				ENABLE_USER_SCRIPT_SANDBOXING = YES;
				GCC_C_LANGUAGE_STANDARD = gnu17;
				GCC_DYNAMIC_NO_PIC = NO;
				GCC_NO_COMMON_BLOCKS = YES;
				GCC_OPTIMIZATION_LEVEL = 0;
				GCC_PREPROCESSOR_DEFINITIONS = (
					"DEBUG=1",
					"$(inherited)",
				);
				GCC_WARN_64_TO_32_BIT_CONVERSION = YES;
				GCC_WARN_ABOUT_RETURN_TYPE = YES_ERROR;
				GCC_WARN_UNDECLARED_SELECTOR = YES;
				GCC_WARN_UNINITIALIZED_AUTOS = YES_AGGRESSIVE;
				GCC_WARN_UNUSED_FUNCTION = YES;
				GCC_WARN_UNUSED_VARIABLE = YES;
				LOCALIZATION_PREFERS_STRING_CATALOGS = YES;
				MACOSX_DEPLOYMENT_TARGET = 14.2;
				MTL_ENABLE_DEBUG_INFO = INCLUDE_SOURCE;
				MTL_FAST_MATH = YES;
				ONLY_ACTIVE_ARCH = YES;
				SDKROOT = macosx;
				SWIFT_ACTIVE_COMPILATION_CONDITIONS = "DEBUG $(inherited)";
				SWIFT_OPTIMIZATION_LEVEL = "-Onone";
			};
			name = Debug;
		};
		A34A7A2F2C4F8503007F6D16 /* Release */ = {
			isa = XCBuildConfiguration;
			buildSettings = {
				ALWAYS_SEARCH_USER_PATHS = NO;
				ASSETCATALOG_COMPILER_GENERATE_SWIFT_ASSET_SYMBOL_EXTENSIONS = YES;
				CLANG_ANALYZER_NONNULL = YES;
				CLANG_ANALYZER_NUMBER_OBJECT_CONVERSION = YES_AGGRESSIVE;
				CLANG_CXX_LANGUAGE_STANDARD = "gnu++20";
				CLANG_ENABLE_MODULES = YES;
				CLANG_ENABLE_OBJC_ARC = YES;
				CLANG_ENABLE_OBJC_WEAK = YES;
				CLANG_WARN_BLOCK_CAPTURE_AUTORELEASING = YES;
				CLANG_WARN_BOOL_CONVERSION = YES;
				CLANG_WARN_COMMA = YES;
				CLANG_WARN_CONSTANT_CONVERSION = YES;
				CLANG_WARN_DEPRECATED_OBJC_IMPLEMENTATIONS = YES;
				CLANG_WARN_DIRECT_OBJC_ISA_USAGE = YES_ERROR;
				CLANG_WARN_DOCUMENTATION_COMMENTS = YES;
				CLANG_WARN_EMPTY_BODY = YES;
				CLANG_WARN_ENUM_CONVERSION = YES;
				CLANG_WARN_INFINITE_RECURSION = YES;
				CLANG_WARN_INT_CONVERSION = YES;
				CLANG_WARN_NON_LITERAL_NULL_CONVERSION = YES;
				CLANG_WARN_OBJC_IMPLICIT_RETAIN_SELF = YES;
				CLANG_WARN_OBJC_LITERAL_CONVERSION = YES;
				CLANG_WARN_OBJC_ROOT_CLASS = YES_ERROR;
				CLANG_WARN_QUOTED_INCLUDE_IN_FRAMEWORK_HEADER = YES;
				CLANG_WARN_RANGE_LOOP_ANALYSIS = YES;
				CLANG_WARN_STRICT_PROTOTYPES = YES;
				CLANG_WARN_SUSPICIOUS_MOVE = YES;
				CLANG_WARN_UNGUARDED_AVAILABILITY = YES_AGGRESSIVE;
				CLANG_WARN_UNREACHABLE_CODE = YES;
				CLANG_WARN__DUPLICATE_METHOD_MATCH = YES;
				COPY_PHASE_STRIP = NO;
				DEBUG_INFORMATION_FORMAT = "dwarf-with-dsym";
				ENABLE_NS_ASSERTIONS = NO;
				ENABLE_STRICT_OBJC_MSGSEND = YES;
				ENABLE_USER_SCRIPT_SANDBOXING = YES;
				GCC_C_LANGUAGE_STANDARD = gnu17;
				GCC_NO_COMMON_BLOCKS = YES;
				GCC_WARN_64_TO_32_BIT_CONVERSION = YES;
				GCC_WARN_ABOUT_RETURN_TYPE = YES_ERROR;
				GCC_WARN_UNDECLARED_SELECTOR = YES;
				GCC_WARN_UNINITIALIZED_AUTOS = YES_AGGRESSIVE;
				GCC_WARN_UNUSED_FUNCTION = YES;
				GCC_WARN_UNUSED_VARIABLE = YES;
				LOCALIZATION_PREFERS_STRING_CATALOGS = YES;
				MACOSX_DEPLOYMENT_TARGET = 14.2;
				MTL_ENABLE_DEBUG_INFO = NO;
				MTL_FAST_MATH = YES;
				SDKROOT = macosx;
				SWIFT_COMPILATION_MODE = wholemodule;
			};
			name = Release;
		};
		A34A7A312C4F8503007F6D16 /* Debug */ = {
			isa = XCBuildConfiguration;
			buildSettings = {
				ASSETCATALOG_COMPILER_APPICON_NAME = AppIcon;
				ASSETCATALOG_COMPILER_GLOBAL_ACCENT_COLOR_NAME = AccentColor;
				CODE_SIGN_ENTITLEMENTS = noterAI/noterAI.entitlements;
				CODE_SIGN_STYLE = Automatic;
				COMBINE_HIDPI_IMAGES = YES;
				CURRENT_PROJECT_VERSION = 1;
				DEVELOPMENT_ASSET_PATHS = "\"noterAI/Preview Content\"";
				DEVELOPMENT_TEAM = 38QXSRV6AP;
				ENABLE_HARDENED_RUNTIME = YES;
				ENABLE_PREVIEWS = YES;
				GENERATE_INFOPLIST_FILE = YES;
				INFOPLIST_KEY_NSHumanReadableCopyright = "";
				LD_RUNPATH_SEARCH_PATHS = (
					"$(inherited)",
					"@executable_path/../Frameworks",
				);
				MARKETING_VERSION = 1.0;
				PRODUCT_BUNDLE_IDENTIFIER = com.himanshu.noterAI;
				PRODUCT_NAME = "$(TARGET_NAME)";
				SWIFT_EMIT_LOC_STRINGS = YES;
				SWIFT_VERSION = 5.0;
			};
			name = Debug;
		};
		A34A7A322C4F8503007F6D16 /* Release */ = {
			isa = XCBuildConfiguration;
			buildSettings = {
				ASSETCATALOG_COMPILER_APPICON_NAME = AppIcon;
				ASSETCATALOG_COMPILER_GLOBAL_ACCENT_COLOR_NAME = AccentColor;
				CODE_SIGN_ENTITLEMENTS = noterAI/noterAI.entitlements;
				CODE_SIGN_STYLE = Automatic;
				COMBINE_HIDPI_IMAGES = YES;
				CURRENT_PROJECT_VERSION = 1;
				DEVELOPMENT_ASSET_PATHS = "\"noterAI/Preview Content\"";
				DEVELOPMENT_TEAM = 38QXSRV6AP;
				ENABLE_HARDENED_RUNTIME = YES;
				ENABLE_PREVIEWS = YES;
				GENERATE_INFOPLIST_FILE = YES;
				INFOPLIST_KEY_NSHumanReadableCopyright = "";
				LD_RUNPATH_SEARCH_PATHS = (
					"$(inherited)",
					"@executable_path/../Frameworks",
				);
				MARKETING_VERSION = 1.0;
				PRODUCT_BUNDLE_IDENTIFIER = com.himanshu.noterAI;
				PRODUCT_NAME = "$(TARGET_NAME)";
				SWIFT_EMIT_LOC_STRINGS = YES;
				SWIFT_VERSION = 5.0;
			};
			name = Release;
		};
/* End XCBuildConfiguration section */

/* Begin XCConfigurationList section */
		A34A7A1C2C4F84FF007F6D16 /* Build configuration list for PBXProject "noterAI" */ = {
			isa = XCConfigurationList;
			buildConfigurations = (
				A34A7A2E2C4F8503007F6D16 /* Debug */,
				A34A7A2F2C4F8503007F6D16 /* Release */,
			);
			defaultConfigurationIsVisible = 0;
			defaultConfigurationName = Release;
		};
		A34A7A302C4F8503007F6D16 /* Build configuration list for PBXNativeTarget "noterAI" */ = {
			isa = XCConfigurationList;
			buildConfigurations = (
				A34A7A312C4F8503007F6D16 /* Debug */,
				A34A7A322C4F8503007F6D16 /* Release */,
			);
			defaultConfigurationIsVisible = 0;
			defaultConfigurationName = Release;
		};
/* End XCConfigurationList section */
	};
	rootObject = A34A7A192C4F84FF007F6D16 /* Project object */;
}
